Microsoft Visual Studio Solution File, Format Version 12.00
# Visual Studio Version 17
VisualStudioVersion = 17.14.35821.62
MinimumVisualStudioVersion = 10.0.40219.1
Project("{FAE04EC0-301F-11D3-BF4B-00C04F79EFBC}") = "Rooms", "Rooms\Rooms.csproj", "{C9788EF2-651F-4E8B-8351-1114EF7B346C}"
EndProject
Global
	GlobalSection(SolutionConfigurationPlatforms) = preSolution
		Debug|Any CPU = Debug|Any CPU
		Release|Any CPU = Release|Any CPU
	EndGlobalSection
	GlobalSection(ProjectConfigurationPlatforms) = postSolution
		{C9788EF2-651F-4E8B-8351-1114EF7B346C}.Debug|Any CPU.ActiveCfg = Debug|Any CPU
		{C9788EF2-651F-4E8B-8351-1114EF7B346C}.Debug|Any CPU.Build.0 = Debug|Any CPU
		{C9788EF2-651F-4E8B-8351-1114EF7B346C}.Release|Any CPU.ActiveCfg = Release|Any CPU
		{C9788EF2-651F-4E8B-8351-1114EF7B346C}.Release|Any CPU.Build.0 = Release|Any CPU
	EndGlobalSection
	GlobalSection(SolutionProperties) = preSolution
		HideSolutionNode = FALSE
	EndGlobalSection
	GlobalSection(ExtensibilityGlobals) = postSolution
		SolutionGuid = {472FEE32-5921-4651-9E76-B813BBFFD1F5}
	EndGlobalSection
EndGlobal
